
Microsoft Visual Studio Solution File, Format Version 12.00
# Visual Studio Version 17
VisualStudioVersion = 17.0.31903.59
MinimumVisualStudioVersion = 10.0.40219.1
Project("{FAE04EC0-301F-11D3-BF4B-00C04F79EFBC}") = "AOCDay1", "AOCDay1\AOCDay1.csproj", "{F1263CC6-67BC-4374-AC00-94553BA66FAA}"
EndProject
Project("{FAE04EC0-301F-11D3-BF4B-00C04F79EFBC}") = "Day2", "Day2\Day2.csproj", "{AFA85CA2-22A7-4CB3-B749-5C5DE534B093}"
EndProject
Project("{FAE04EC0-301F-11D3-BF4B-00C04F79EFBC}") = "Day2.Test", "Day2.Test\Day2.Test.csproj", "{32C421F4-EDD8-4EF9-8D23-AC00B3D8CF22}"
EndProject
Project("{FAE04EC0-301F-11D3-BF4B-00C04F79EFBC}") = "Day3", "Day3\Day3.csproj", "{F5D2AB96-A6A8-42B5-9210-408A9038C357}"
EndProject
Project("{FAE04EC0-301F-11D3-BF4B-00C04F79EFBC}") = "Day3.Test", "Day3.Test\Day3.Test.csproj", "{CDC5D059-1F73-4B05-AD3A-B4B194112DD1}"
EndProject
Global
	GlobalSection(SolutionConfigurationPlatforms) = preSolution
		Debug|Any CPU = Debug|Any CPU
		Release|Any CPU = Release|Any CPU
	EndGlobalSection
	GlobalSection(SolutionProperties) = preSolution
		HideSolutionNode = FALSE
	EndGlobalSection
	GlobalSection(ProjectConfigurationPlatforms) = postSolution
		{F1263CC6-67BC-4374-AC00-94553BA66FAA}.Debug|Any CPU.ActiveCfg = Debug|Any CPU
		{F1263CC6-67BC-4374-AC00-94553BA66FAA}.Debug|Any CPU.Build.0 = Debug|Any CPU
		{F1263CC6-67BC-4374-AC00-94553BA66FAA}.Release|Any CPU.ActiveCfg = Release|Any CPU
		{F1263CC6-67BC-4374-AC00-94553BA66FAA}.Release|Any CPU.Build.0 = Release|Any CPU
		{AFA85CA2-22A7-4CB3-B749-5C5DE534B093}.Debug|Any CPU.ActiveCfg = Debug|Any CPU
		{AFA85CA2-22A7-4CB3-B749-5C5DE534B093}.Debug|Any CPU.Build.0 = Debug|Any CPU
		{AFA85CA2-22A7-4CB3-B749-5C5DE534B093}.Release|Any CPU.ActiveCfg = Release|Any CPU
		{AFA85CA2-22A7-4CB3-B749-5C5DE534B093}.Release|Any CPU.Build.0 = Release|Any CPU
		{32C421F4-EDD8-4EF9-8D23-AC00B3D8CF22}.Debug|Any CPU.ActiveCfg = Debug|Any CPU
		{32C421F4-EDD8-4EF9-8D23-AC00B3D8CF22}.Debug|Any CPU.Build.0 = Debug|Any CPU
		{32C421F4-EDD8-4EF9-8D23-AC00B3D8CF22}.Release|Any CPU.ActiveCfg = Release|Any CPU
		{32C421F4-EDD8-4EF9-8D23-AC00B3D8CF22}.Release|Any CPU.Build.0 = Release|Any CPU
		{F5D2AB96-A6A8-42B5-9210-408A9038C357}.Debug|Any CPU.ActiveCfg = Debug|Any CPU
		{F5D2AB96-A6A8-42B5-9210-408A9038C357}.Debug|Any CPU.Build.0 = Debug|Any CPU
		{F5D2AB96-A6A8-42B5-9210-408A9038C357}.Release|Any CPU.ActiveCfg = Release|Any CPU
		{F5D2AB96-A6A8-42B5-9210-408A9038C357}.Release|Any CPU.Build.0 = Release|Any CPU
		{CDC5D059-1F73-4B05-AD3A-B4B194112DD1}.Debug|Any CPU.ActiveCfg = Debug|Any CPU
		{CDC5D059-1F73-4B05-AD3A-B4B194112DD1}.Debug|Any CPU.Build.0 = Debug|Any CPU
		{CDC5D059-1F73-4B05-AD3A-B4B194112DD1}.Release|Any CPU.ActiveCfg = Release|Any CPU
		{CDC5D059-1F73-4B05-AD3A-B4B194112DD1}.Release|Any CPU.Build.0 = Release|Any CPU
	EndGlobalSection
EndGlobal
